
Microsoft Visual Studio Solution File, Format Version 12.00
# Visual Studio Version 17
VisualStudioVersion = 17.11.35431.28
MinimumVisualStudioVersion = 10.0.40219.1
Project("{FAE04EC0-301F-11D3-BF4B-00C04F79EFBC}") = "ArcadeSync_Project", "ArcadeSync_Project.csproj", "{F412A9F1-E52D-4F94-B9A6-D7DA1A2592F7}"
EndProject
Global
	GlobalSection(SolutionConfigurationPlatforms) = preSolution
		Debug|Any CPU = Debug|Any CPU
		Release|Any CPU = Release|Any CPU
	EndGlobalSection
	GlobalSection(ProjectConfigurationPlatforms) = postSolution
		{F412A9F1-E52D-4F94-B9A6-D7DA1A2592F7}.Debug|Any CPU.ActiveCfg = Debug|Any CPU
		{F412A9F1-E52D-4F94-B9A6-D7DA1A2592F7}.Debug|Any CPU.Build.0 = Debug|Any CPU
		{F412A9F1-E52D-4F94-B9A6-D7DA1A2592F7}.Release|Any CPU.ActiveCfg = Release|Any CPU
		{F412A9F1-E52D-4F94-B9A6-D7DA1A2592F7}.Release|Any CPU.Build.0 = Release|Any CPU
	EndGlobalSection
	GlobalSection(SolutionProperties) = preSolution
		HideSolutionNode = FALSE
	EndGlobalSection
	GlobalSection(ExtensibilityGlobals) = postSolution
		SolutionGuid = {A47D1140-6C61-4A00-860C-60DAEE288536}
	EndGlobalSection
EndGlobal
